
Microsoft Visual Studio Solution File, Format Version 12.00
# Visual Studio Version 16
VisualStudioVersion = 16.0.29306.81
MinimumVisualStudioVersion = 10.0.40219.1
Project("{8BC9CEB8-8B4A-11D0-8D11-00A0C91BC942}") = "Triangle", "Triangle\Triangle.vcxproj", "{2485980F-33E0-4640-B032-49949A6B3322}"
EndProject
Project("{8BC9CEB8-8B4A-11D0-8D11-00A0C91BC942}") = "TriangleTests", "TriangleTests\TriangleTests.vcxproj", "{07FD8525-C249-4384-9112-9E295CA9D7A1}"
EndProject
Global
	GlobalSection(SolutionConfigurationPlatforms) = preSolution
		Debug|x64 = Debug|x64
		Debug|x86 = Debug|x86
		Release|x64 = Release|x64
		Release|x86 = Release|x86
	EndGlobalSection
	GlobalSection(ProjectConfigurationPlatforms) = postSolution
		{2485980F-33E0-4640-B032-49949A6B3322}.Debug|x64.ActiveCfg = Debug|x64
		{2485980F-33E0-4640-B032-49949A6B3322}.Debug|x64.Build.0 = Debug|x64
		{2485980F-33E0-4640-B032-49949A6B3322}.Debug|x86.ActiveCfg = Debug|Win32
		{2485980F-33E0-4640-B032-49949A6B3322}.Debug|x86.Build.0 = Debug|Win32
		{2485980F-33E0-4640-B032-49949A6B3322}.Release|x64.ActiveCfg = Release|x64
		{2485980F-33E0-4640-B032-49949A6B3322}.Release|x64.Build.0 = Release|x64
		{2485980F-33E0-4640-B032-49949A6B3322}.Release|x86.ActiveCfg = Release|Win32
		{2485980F-33E0-4640-B032-49949A6B3322}.Release|x86.Build.0 = Release|Win32
		{07FD8525-C249-4384-9112-9E295CA9D7A1}.Debug|x64.ActiveCfg = Debug|x64
		{07FD8525-C249-4384-9112-9E295CA9D7A1}.Debug|x64.Build.0 = Debug|x64
		{07FD8525-C249-4384-9112-9E295CA9D7A1}.Debug|x86.ActiveCfg = Debug|Win32
		{07FD8525-C249-4384-9112-9E295CA9D7A1}.Debug|x86.Build.0 = Debug|Win32
		{07FD8525-C249-4384-9112-9E295CA9D7A1}.Release|x64.ActiveCfg = Release|x64
		{07FD8525-C249-4384-9112-9E295CA9D7A1}.Release|x64.Build.0 = Release|x64
		{07FD8525-C249-4384-9112-9E295CA9D7A1}.Release|x86.ActiveCfg = Release|Win32
		{07FD8525-C249-4384-9112-9E295CA9D7A1}.Release|x86.Build.0 = Release|Win32
	EndGlobalSection
	GlobalSection(SolutionProperties) = preSolution
		HideSolutionNode = FALSE
	EndGlobalSection
	GlobalSection(ExtensibilityGlobals) = postSolution
		SolutionGuid = {852C3EFF-4C95-4AAE-9B39-5DCF3FC798D1}
	EndGlobalSection
EndGlobal
